
Microsoft Visual Studio Solution File, Format Version 12.00
# Visual Studio Version 17
VisualStudioVersion = 17.6.33815.320
MinimumVisualStudioVersion = 10.0.40219.1
Project("{9A19103F-16F7-4668-BE54-9A1E7A4F7556}") = "day4", "day4.csproj", "{C1C74D4C-A19D-42D2-92BA-BFD0A8D6132C}"
EndProject
Global
	GlobalSection(SolutionConfigurationPlatforms) = preSolution
		Debug|Any CPU = Debug|Any CPU
		Release|Any CPU = Release|Any CPU
	EndGlobalSection
	GlobalSection(ProjectConfigurationPlatforms) = postSolution
		{C1C74D4C-A19D-42D2-92BA-BFD0A8D6132C}.Debug|Any CPU.ActiveCfg = Debug|Any CPU
		{C1C74D4C-A19D-42D2-92BA-BFD0A8D6132C}.Debug|Any CPU.Build.0 = Debug|Any CPU
		{C1C74D4C-A19D-42D2-92BA-BFD0A8D6132C}.Release|Any CPU.ActiveCfg = Release|Any CPU
		{C1C74D4C-A19D-42D2-92BA-BFD0A8D6132C}.Release|Any CPU.Build.0 = Release|Any CPU
	EndGlobalSection
	GlobalSection(SolutionProperties) = preSolution
		HideSolutionNode = FALSE
	EndGlobalSection
	GlobalSection(ExtensibilityGlobals) = postSolution
		SolutionGuid = {A14CD5AF-F645-4102-AB98-C4078641AA65}
	EndGlobalSection
EndGlobal
